# THIS IS AN AUTOGENERATED FILE. DO NOT EDIT THIS FILE DIRECTLY.
# yarn lockfile v1


"@actions/core@^1.9.0":
  version "1.9.0"
  resolved "https://registry.yarnpkg.com/@actions/core/-/core-1.9.0.tgz#20c1baac5d4bd2508ba1fc3e5f3fc4b8a80d4082"
  integrity sha512-5pbM693Ih59ZdUhgk+fts+bUWTnIdHV3kwOSr+QIoFHMLg7Gzhwm0cifDY/AG68ekEJAkHnQVpcy4f6GjmzBCA==
  dependencies:
    "@actions/http-client" "^2.0.1"

"@actions/exec@^1.1.1":
  version "1.1.1"
  resolved "https://registry.yarnpkg.com/@actions/exec/-/exec-1.1.1.tgz#2e43f28c54022537172819a7cf886c844221a611"
  integrity sha512-+sCcHHbVdk93a0XT19ECtO/gIXoxvdsgQLzb2fE2/5sIZmWQuluYyjPQtrtTHdU1YzTZ7bAPN4sITq2xi1679w==
  dependencies:
    "@actions/io" "^1.0.1"

"@actions/http-client@^2.0.1":
  version "2.0.1"
  resolved "https://registry.yarnpkg.com/@actions/http-client/-/http-client-2.0.1.tgz#873f4ca98fe32f6839462a6f046332677322f99c"
  integrity sha512-PIXiMVtz6VvyaRsGY268qvj57hXQEpsYogYOu2nrQhlf+XCGmZstmuZBbAybUl1nQGnvS1k1eEsQ69ZoD7xlSw==
  dependencies:
    tunnel "^0.0.6"

"@actions/io@^1.0.1":
  version "1.1.2"
  resolved "https://registry.yarnpkg.com/@actions/io/-/io-1.1.2.tgz#766ac09674a289ce0f1550ffe0a6eac9261a8ea9"
  integrity sha512-d+RwPlMp+2qmBfeLYPLXuSRykDIFEwdTA0MMxzS9kh4kvP1ftrc/9fzy6pX6qAjthdXruHQ6/6kjT/DNo5ALuw==

"@types/node@^20.14.5":
  version "20.14.5"
  resolved "https://registry.yarnpkg.com/@types/node/-/node-20.14.5.tgz#fe35e3022ebe58b8f201580eb24e1fcfc0f2487d"
  integrity sha512-aoRR+fJkZT2l0aGOJhuA8frnCSoNX6W7U2mpNq63+BxBIj5BQFt8rHy627kijCmm63ijdSdwvGgpUsU6MBsZZA==
  dependencies:
    undici-types "~5.26.4"

"@vercel/ncc@^0.34.0":
  version "0.34.0"
  resolved "https://registry.yarnpkg.com/@vercel/ncc/-/ncc-0.34.0.tgz#d0139528320e46670d949c82967044a8f66db054"
  integrity sha512-G9h5ZLBJ/V57Ou9vz5hI8pda/YQX5HQszCs3AmIus3XzsmRn/0Ptic5otD3xVST8QLKk7AMk7AqpsyQGN7MZ9A==

tunnel@^0.0.6:
  version "0.0.6"
  resolved "https://registry.yarnpkg.com/tunnel/-/tunnel-0.0.6.tgz#72f1314b34a5b192db012324df2cc587ca47f92c"
  integrity sha512-1h/Lnq9yajKY2PEbBadPXj3VxsDDu844OnaAo52UVmIzIvwwtBPIuNvkjuzBlTWpfJyUbG3ez0KSBibQkj4ojg==

typescript@^4.7.4:
  version "4.7.4"
  resolved "https://registry.yarnpkg.com/typescript/-/typescript-4.7.4.tgz#1a88596d1cf47d59507a1bcdfb5b9dfe4d488235"
  integrity sha512-C0WQT0gezHuw6AdY1M2jxUO83Rjf0HP7Sk1DtXj6j1EwkQNZrHAg2XPWlq62oqEhYvONq5pkC2Y9oPljWToLmQ==

undici-types@~5.26.4:
  version "5.26.5"
  resolved "https://registry.yarnpkg.com/undici-types/-/undici-types-5.26.5.tgz#bcd539893d00b56e964fd2657a4866b221a65617"
  integrity sha512-JlCMO+ehdEIKqlFxk6IfVoAUVmgz7cU7zD/h9XZ0qzeosSHmUJVOzSQvvYSYWXkFXC+IfLKSIffhv0sVZup6pA==
